
Microsoft Visual Studio Solution File, Format Version 12.00
# Visual Studio Version 17
VisualStudioVersion = 17.9.34728.123
MinimumVisualStudioVersion = 10.0.40219.1
Project("{9A19103F-16F7-4668-BE54-9A1E7A4F7556}") = "Emuhub.API", "Emuhub.API\Emuhub.API.csproj", "{939B131E-C429-4CB5-8E74-4C94F51BEA96}"
EndProject
Project("{9A19103F-16F7-4668-BE54-9A1E7A4F7556}") = "Emuhub.Communication", "Emuhub.Communication\Emuhub.Communication.csproj", "{690199FF-7065-4D3E-AD7B-BB0B3E942109}"
EndProject
Project("{9A19103F-16F7-4668-BE54-9A1E7A4F7556}") = "Emuhub.Domain", "Emuhub.Domain\Emuhub.Domain.csproj", "{9807F49A-6DD5-428E-A213-45789F20119E}"
EndProject
Project("{9A19103F-16F7-4668-BE54-9A1E7A4F7556}") = "Emuhub.Infrastructure", "Emuhub.Infrastructure\Emuhub.Infrastructure.csproj", "{E1C0A372-1932-4B1B-91B8-8A15E3BE29F7}"
EndProject
Project("{2150E333-8FDC-42A3-9474-1A3956D46DE8}") = "Solution Items", "Solution Items", "{4765B17E-AFF9-4716-A055-8238A9EF8272}"
	ProjectSection(SolutionItems) = preProject
		.gitignore = .gitignore
		README.md = README.md
	EndProjectSection
EndProject
Global
	GlobalSection(SolutionConfigurationPlatforms) = preSolution
		Debug|Any CPU = Debug|Any CPU
		Release|Any CPU = Release|Any CPU
	EndGlobalSection
	GlobalSection(ProjectConfigurationPlatforms) = postSolution
		{939B131E-C429-4CB5-8E74-4C94F51BEA96}.Debug|Any CPU.ActiveCfg = Debug|Any CPU
		{939B131E-C429-4CB5-8E74-4C94F51BEA96}.Debug|Any CPU.Build.0 = Debug|Any CPU
		{939B131E-C429-4CB5-8E74-4C94F51BEA96}.Release|Any CPU.ActiveCfg = Release|Any CPU
		{939B131E-C429-4CB5-8E74-4C94F51BEA96}.Release|Any CPU.Build.0 = Release|Any CPU
		{690199FF-7065-4D3E-AD7B-BB0B3E942109}.Debug|Any CPU.ActiveCfg = Debug|Any CPU
		{690199FF-7065-4D3E-AD7B-BB0B3E942109}.Debug|Any CPU.Build.0 = Debug|Any CPU
		{690199FF-7065-4D3E-AD7B-BB0B3E942109}.Release|Any CPU.ActiveCfg = Release|Any CPU
		{690199FF-7065-4D3E-AD7B-BB0B3E942109}.Release|Any CPU.Build.0 = Release|Any CPU
		{9807F49A-6DD5-428E-A213-45789F20119E}.Debug|Any CPU.ActiveCfg = Debug|Any CPU
		{9807F49A-6DD5-428E-A213-45789F20119E}.Debug|Any CPU.Build.0 = Debug|Any CPU
		{9807F49A-6DD5-428E-A213-45789F20119E}.Release|Any CPU.ActiveCfg = Release|Any CPU
		{9807F49A-6DD5-428E-A213-45789F20119E}.Release|Any CPU.Build.0 = Release|Any CPU
		{E1C0A372-1932-4B1B-91B8-8A15E3BE29F7}.Debug|Any CPU.ActiveCfg = Debug|Any CPU
		{E1C0A372-1932-4B1B-91B8-8A15E3BE29F7}.Debug|Any CPU.Build.0 = Debug|Any CPU
		{E1C0A372-1932-4B1B-91B8-8A15E3BE29F7}.Release|Any CPU.ActiveCfg = Release|Any CPU
		{E1C0A372-1932-4B1B-91B8-8A15E3BE29F7}.Release|Any CPU.Build.0 = Release|Any CPU
	EndGlobalSection
	GlobalSection(SolutionProperties) = preSolution
		HideSolutionNode = FALSE
	EndGlobalSection
	GlobalSection(ExtensibilityGlobals) = postSolution
		SolutionGuid = {1C062210-15F6-4005-9C8E-DDF9FBB82E99}
	EndGlobalSection
EndGlobal
